
Microsoft Visual Studio Solution File, Format Version 12.00
# Visual Studio 2012
Project("{8BC9CEB8-8B4A-11D0-8D11-00A0C91BC942}") = "zremsvc", "zremsvc.vcxproj", "{F69F1834-7D6B-4B2D-9349-7AF16B4D8971}"
EndProject
Project("{8BC9CEB8-8B4A-11D0-8D11-00A0C91BC942}") = "zreselftest", "zreselftest\zreselftest.vcxproj", "{3639C658-C810-4E1E-A998-A04BA2D30E4E}"
EndProject
Project("{8BC9CEB8-8B4A-11D0-8D11-00A0C91BC942}") = "zre_tester", "zre_tester\zre_tester.vcxproj", "{67F8553A-1010-4B20-BD05-514378A861D9}"
EndProject
Global
	GlobalSection(SolutionConfigurationPlatforms) = preSolution
		Debug|Win32 = Debug|Win32
		Release|Win32 = Release|Win32
	EndGlobalSection
	GlobalSection(ProjectConfigurationPlatforms) = postSolution
		{F69F1834-7D6B-4B2D-9349-7AF16B4D8971}.Debug|Win32.ActiveCfg = Debug|Win32
		{F69F1834-7D6B-4B2D-9349-7AF16B4D8971}.Debug|Win32.Build.0 = Debug|Win32
		{F69F1834-7D6B-4B2D-9349-7AF16B4D8971}.Release|Win32.ActiveCfg = Release|Win32
		{F69F1834-7D6B-4B2D-9349-7AF16B4D8971}.Release|Win32.Build.0 = Release|Win32
		{3639C658-C810-4E1E-A998-A04BA2D30E4E}.Debug|Win32.ActiveCfg = Debug|Win32
		{3639C658-C810-4E1E-A998-A04BA2D30E4E}.Debug|Win32.Build.0 = Debug|Win32
		{3639C658-C810-4E1E-A998-A04BA2D30E4E}.Release|Win32.ActiveCfg = Release|Win32
		{3639C658-C810-4E1E-A998-A04BA2D30E4E}.Release|Win32.Build.0 = Release|Win32
		{67F8553A-1010-4B20-BD05-514378A861D9}.Debug|Win32.ActiveCfg = Debug|Win32
		{67F8553A-1010-4B20-BD05-514378A861D9}.Debug|Win32.Build.0 = Debug|Win32
		{67F8553A-1010-4B20-BD05-514378A861D9}.Release|Win32.ActiveCfg = Release|Win32
		{67F8553A-1010-4B20-BD05-514378A861D9}.Release|Win32.Build.0 = Release|Win32
	EndGlobalSection
	GlobalSection(SolutionProperties) = preSolution
		HideSolutionNode = FALSE
	EndGlobalSection
EndGlobal
